// !$*UTF8*$!
{
	archiveVersion = 1;
	classes = {
	};
	objectVersion = 55;
	objects = {

/* Begin PBXBuildFile section */
		F7DBCDB6280403E50081B21A /* AppDelegate.swift in Sources */ = {isa = PBXBuildFile; fileRef = F7DBCDB5280403E50081B21A /* AppDelegate.swift */; };
		F7DBCDB8280403E50081B21A /* SceneDelegate.swift in Sources */ = {isa = PBXBuildFile; fileRef = F7DBCDB7280403E50081B21A /* SceneDelegate.swift */; };
		F7DBCDBD280403E50081B21A /* Main.storyboard in Resources */ = {isa = PBXBuildFile; fileRef = F7DBCDBB280403E50081B21A /* Main.storyboard */; };
		F7DBCDBF280403E70081B21A /* Assets.xcassets in Resources */ = {isa = PBXBuildFile; fileRef = F7DBCDBE280403E70081B21A /* Assets.xcassets */; };
		F7DBCDC2280403E70081B21A /* LaunchScreen.storyboard in Resources */ = {isa = PBXBuildFile; fileRef = F7DBCDC0280403E70081B21A /* LaunchScreen.storyboard */; };
		F7DBCDCF2804052D0081B21A /* HomePresenter.swift in Sources */ = {isa = PBXBuildFile; fileRef = F7DBCDC92804052D0081B21A /* HomePresenter.swift */; };
		F7DBCDD02804052D0081B21A /* HomeWorker.swift in Sources */ = {isa = PBXBuildFile; fileRef = F7DBCDCA2804052D0081B21A /* HomeWorker.swift */; };
		F7DBCDD12804052D0081B21A /* HomeRouter.swift in Sources */ = {isa = PBXBuildFile; fileRef = F7DBCDCB2804052D0081B21A /* HomeRouter.swift */; };
		F7DBCDD22804052D0081B21A /* HomeModels.swift in Sources */ = {isa = PBXBuildFile; fileRef = F7DBCDCC2804052D0081B21A /* HomeModels.swift */; };
		F7DBCDD32804052D0081B21A /* HomeViewController.swift in Sources */ = {isa = PBXBuildFile; fileRef = F7DBCDCD2804052D0081B21A /* HomeViewController.swift */; };
		F7DBCDD42804052D0081B21A /* HomeInteractor.swift in Sources */ = {isa = PBXBuildFile; fileRef = F7DBCDCE2804052D0081B21A /* HomeInteractor.swift */; };
		F7DBCDDA280414D20081B21A /* CarouselCollectionViewCell.swift in Sources */ = {isa = PBXBuildFile; fileRef = F7DBCDD9280414D20081B21A /* CarouselCollectionViewCell.swift */; };
		F7DBCDDC280416490081B21A /* CarouselMainCollectionViewCell.swift in Sources */ = {isa = PBXBuildFile; fileRef = F7DBCDDB280416490081B21A /* CarouselMainCollectionViewCell.swift */; };
		F7DBCDDE28041DCF0081B21A /* MenuCollectionViewCell.swift in Sources */ = {isa = PBXBuildFile; fileRef = F7DBCDDD28041DCF0081B21A /* MenuCollectionViewCell.swift */; };
		F7DBCDEF2804493B0081B21A /* Home.storyboard in Resources */ = {isa = PBXBuildFile; fileRef = F7DBCDEE2804493B0081B21A /* Home.storyboard */; };
/* End PBXBuildFile section */

/* Begin PBXFileReference section */
		F7DBCDB2280403E50081B21A /* CleanFood.app */ = {isa = PBXFileReference; explicitFileType = wrapper.application; includeInIndex = 0; path = CleanFood.app; sourceTree = BUILT_PRODUCTS_DIR; };
		F7DBCDB5280403E50081B21A /* AppDelegate.swift */ = {isa = PBXFileReference; lastKnownFileType = sourcecode.swift; path = AppDelegate.swift; sourceTree = "<group>"; };
		F7DBCDB7280403E50081B21A /* SceneDelegate.swift */ = {isa = PBXFileReference; lastKnownFileType = sourcecode.swift; path = SceneDelegate.swift; sourceTree = "<group>"; };
		F7DBCDBC280403E50081B21A /* Base */ = {isa = PBXFileReference; lastKnownFileType = file.storyboard; name = Base; path = Base.lproj/Main.storyboard; sourceTree = "<group>"; };
		F7DBCDBE280403E70081B21A /* Assets.xcassets */ = {isa = PBXFileReference; lastKnownFileType = folder.assetcatalog; path = Assets.xcassets; sourceTree = "<group>"; };
		F7DBCDC1280403E70081B21A /* Base */ = {isa = PBXFileReference; lastKnownFileType = file.storyboard; name = Base; path = Base.lproj/LaunchScreen.storyboard; sourceTree = "<group>"; };
		F7DBCDC3280403E70081B21A /* Info.plist */ = {isa = PBXFileReference; lastKnownFileType = text.plist.xml; path = Info.plist; sourceTree = "<group>"; };
		F7DBCDC92804052D0081B21A /* HomePresenter.swift */ = {isa = PBXFileReference; lastKnownFileType = sourcecode.swift; path = HomePresenter.swift; sourceTree = "<group>"; };
		F7DBCDCA2804052D0081B21A /* HomeWorker.swift */ = {isa = PBXFileReference; lastKnownFileType = sourcecode.swift; path = HomeWorker.swift; sourceTree = "<group>"; };
		F7DBCDCB2804052D0081B21A /* HomeRouter.swift */ = {isa = PBXFileReference; lastKnownFileType = sourcecode.swift; path = HomeRouter.swift; sourceTree = "<group>"; };
		F7DBCDCC2804052D0081B21A /* HomeModels.swift */ = {isa = PBXFileReference; lastKnownFileType = sourcecode.swift; path = HomeModels.swift; sourceTree = "<group>"; };
		F7DBCDCD2804052D0081B21A /* HomeViewController.swift */ = {isa = PBXFileReference; lastKnownFileType = sourcecode.swift; path = HomeViewController.swift; sourceTree = "<group>"; };
		F7DBCDCE2804052D0081B21A /* HomeInteractor.swift */ = {isa = PBXFileReference; lastKnownFileType = sourcecode.swift; path = HomeInteractor.swift; sourceTree = "<group>"; };
		F7DBCDD9280414D20081B21A /* CarouselCollectionViewCell.swift */ = {isa = PBXFileReference; lastKnownFileType = sourcecode.swift; path = CarouselCollectionViewCell.swift; sourceTree = "<group>"; };
		F7DBCDDB280416490081B21A /* CarouselMainCollectionViewCell.swift */ = {isa = PBXFileReference; lastKnownFileType = sourcecode.swift; path = CarouselMainCollectionViewCell.swift; sourceTree = "<group>"; };
		F7DBCDDD28041DCF0081B21A /* MenuCollectionViewCell.swift */ = {isa = PBXFileReference; lastKnownFileType = sourcecode.swift; path = MenuCollectionViewCell.swift; sourceTree = "<group>"; };
		F7DBCDEE2804493B0081B21A /* Home.storyboard */ = {isa = PBXFileReference; lastKnownFileType = file.storyboard; path = Home.storyboard; sourceTree = "<group>"; };
/* End PBXFileReference section */

/* Begin PBXFrameworksBuildPhase section */
		F7DBCDAF280403E50081B21A /* Frameworks */ = {
			isa = PBXFrameworksBuildPhase;
			buildActionMask = 2147483647;
			files = (
			);
			runOnlyForDeploymentPostprocessing = 0;
		};
/* End PBXFrameworksBuildPhase section */

/* Begin PBXGroup section */
		F7DBCDA9280403E50081B21A = {
			isa = PBXGroup;
			children = (
				F7DBCDB4280403E50081B21A /* CleanFood */,
				F7DBCDB3280403E50081B21A /* Products */,
			);
			sourceTree = "<group>";
		};
		F7DBCDB3280403E50081B21A /* Products */ = {
			isa = PBXGroup;
			children = (
				F7DBCDB2280403E50081B21A /* CleanFood.app */,
			);
			name = Products;
			sourceTree = "<group>";
		};
		F7DBCDB4280403E50081B21A /* CleanFood */ = {
			isa = PBXGroup;
			children = (
				F7DBCDD8280414B20081B21A /* CustomCells */,
				F7DBCDB5280403E50081B21A /* AppDelegate.swift */,
				F7DBCDB7280403E50081B21A /* SceneDelegate.swift */,
				F7DBCDBB280403E50081B21A /* Main.storyboard */,
				F7DBCDBE280403E70081B21A /* Assets.xcassets */,
				F7DBCDC0280403E70081B21A /* LaunchScreen.storyboard */,
				F7DBCDC3280403E70081B21A /* Info.plist */,
				F7DBCDD5280405360081B21A /* Home */,
			);
			path = CleanFood;
			sourceTree = "<group>";
		};
		F7DBCDD5280405360081B21A /* Home */ = {
			isa = PBXGroup;
			children = (
				F7DBCDC92804052D0081B21A /* HomePresenter.swift */,
				F7DBCDCA2804052D0081B21A /* HomeWorker.swift */,
				F7DBCDCB2804052D0081B21A /* HomeRouter.swift */,
				F7DBCDCC2804052D0081B21A /* HomeModels.swift */,
				F7DBCDCD2804052D0081B21A /* HomeViewController.swift */,
				F7DBCDEE2804493B0081B21A /* Home.storyboard */,
				F7DBCDCE2804052D0081B21A /* HomeInteractor.swift */,
			);
			path = Home;
			sourceTree = "<group>";
		};
		F7DBCDD8280414B20081B21A /* CustomCells */ = {
			isa = PBXGroup;
			children = (
				F7DBCDD9280414D20081B21A /* CarouselCollectionViewCell.swift */,
				F7DBCDDB280416490081B21A /* CarouselMainCollectionViewCell.swift */,
				F7DBCDDD28041DCF0081B21A /* MenuCollectionViewCell.swift */,
			);
			path = CustomCells;
			sourceTree = "<group>";
		};
/* End PBXGroup section */

/* Begin PBXNativeTarget section */
		F7DBCDB1280403E50081B21A /* CleanFood */ = {
			isa = PBXNativeTarget;
			buildConfigurationList = F7DBCDC6280403E70081B21A /* Build configuration list for PBXNativeTarget "CleanFood" */;
			buildPhases = (
				F7DBCDAE280403E50081B21A /* Sources */,
				F7DBCDAF280403E50081B21A /* Frameworks */,
				F7DBCDB0280403E50081B21A /* Resources */,
			);
			buildRules = (
			);
			dependencies = (
			);
			name = CleanFood;
			productName = CleanFood;
			productReference = F7DBCDB2280403E50081B21A /* CleanFood.app */;
			productType = "com.apple.product-type.application";
		};
/* End PBXNativeTarget section */

/* Begin PBXProject section */
		F7DBCDAA280403E50081B21A /* Project object */ = {
			isa = PBXProject;
			attributes = {
				BuildIndependentTargetsInParallel = 1;
				LastSwiftUpdateCheck = 1330;
				LastUpgradeCheck = 1330;
				TargetAttributes = {
					F7DBCDB1280403E50081B21A = {
						CreatedOnToolsVersion = 13.3;
					};
				};
			};
			buildConfigurationList = F7DBCDAD280403E50081B21A /* Build configuration list for PBXProject "CleanFood" */;
			compatibilityVersion = "Xcode 13.0";
			developmentRegion = en;
			hasScannedForEncodings = 0;
			knownRegions = (
				en,
				Base,
			);
			mainGroup = F7DBCDA9280403E50081B21A;
			productRefGroup = F7DBCDB3280403E50081B21A /* Products */;
			projectDirPath = "";
			projectRoot = "";
			targets = (
				F7DBCDB1280403E50081B21A /* CleanFood */,
			);
		};
/* End PBXProject section */

/* Begin PBXResourcesBuildPhase section */
		F7DBCDB0280403E50081B21A /* Resources */ = {
			isa = PBXResourcesBuildPhase;
			buildActionMask = 2147483647;
			files = (
				F7DBCDC2280403E70081B21A /* LaunchScreen.storyboard in Resources */,
				F7DBCDBF280403E70081B21A /* Assets.xcassets in Resources */,
				F7DBCDBD280403E50081B21A /* Main.storyboard in Resources */,
				F7DBCDEF2804493B0081B21A /* Home.storyboard in Resources */,
			);
			runOnlyForDeploymentPostprocessing = 0;
		};
/* End PBXResourcesBuildPhase section */

/* Begin PBXSourcesBuildPhase section */
		F7DBCDAE280403E50081B21A /* Sources */ = {
			isa = PBXSourcesBuildPhase;
			buildActionMask = 2147483647;
			files = (
				F7DBCDD12804052D0081B21A /* HomeRouter.swift in Sources */,
				F7DBCDB6280403E50081B21A /* AppDelegate.swift in Sources */,
				F7DBCDD32804052D0081B21A /* HomeViewController.swift in Sources */,
				F7DBCDB8280403E50081B21A /* SceneDelegate.swift in Sources */,
				F7DBCDDA280414D20081B21A /* CarouselCollectionViewCell.swift in Sources */,
				F7DBCDD02804052D0081B21A /* HomeWorker.swift in Sources */,
				F7DBCDD42804052D0081B21A /* HomeInteractor.swift in Sources */,
				F7DBCDDE28041DCF0081B21A /* MenuCollectionViewCell.swift in Sources */,
				F7DBCDCF2804052D0081B21A /* HomePresenter.swift in Sources */,
				F7DBCDD22804052D0081B21A /* HomeModels.swift in Sources */,
				F7DBCDDC280416490081B21A /* CarouselMainCollectionViewCell.swift in Sources */,
			);
			runOnlyForDeploymentPostprocessing = 0;
		};
/* End PBXSourcesBuildPhase section */

/* Begin PBXVariantGroup section */
		F7DBCDBB280403E50081B21A /* Main.storyboard */ = {
			isa = PBXVariantGroup;
			children = (
				F7DBCDBC280403E50081B21A /* Base */,
			);
			name = Main.storyboard;
			sourceTree = "<group>";
		};
		F7DBCDC0280403E70081B21A /* LaunchScreen.storyboard */ = {
			isa = PBXVariantGroup;
			children = (
				F7DBCDC1280403E70081B21A /* Base */,
			);
			name = LaunchScreen.storyboard;
			sourceTree = "<group>";
		};
/* End PBXVariantGroup section */

/* Begin XCBuildConfiguration section */
		F7DBCDC4280403E70081B21A /* Debug */ = {
			isa = XCBuildConfiguration;
			buildSettings = {
				ALWAYS_SEARCH_USER_PATHS = NO;
				CLANG_ANALYZER_NONNULL = YES;
				CLANG_ANALYZER_NUMBER_OBJECT_CONVERSION = YES_AGGRESSIVE;
				CLANG_CXX_LANGUAGE_STANDARD = "gnu++17";
				CLANG_ENABLE_MODULES = YES;
				CLANG_ENABLE_OBJC_ARC = YES;
				CLANG_ENABLE_OBJC_WEAK = YES;
				CLANG_WARN_BLOCK_CAPTURE_AUTORELEASING = YES;
				CLANG_WARN_BOOL_CONVERSION = YES;
				CLANG_WARN_COMMA = YES;
				CLANG_WARN_CONSTANT_CONVERSION = YES;
				CLANG_WARN_DEPRECATED_OBJC_IMPLEMENTATIONS = YES;
				CLANG_WARN_DIRECT_OBJC_ISA_USAGE = YES_ERROR;
				CLANG_WARN_DOCUMENTATION_COMMENTS = YES;
				CLANG_WARN_EMPTY_BODY = YES;
				CLANG_WARN_ENUM_CONVERSION = YES;
				CLANG_WARN_INFINITE_RECURSION = YES;
				CLANG_WARN_INT_CONVERSION = YES;
				CLANG_WARN_NON_LITERAL_NULL_CONVERSION = YES;
				CLANG_WARN_OBJC_IMPLICIT_RETAIN_SELF = YES;
				CLANG_WARN_OBJC_LITERAL_CONVERSION = YES;
				CLANG_WARN_OBJC_ROOT_CLASS = YES_ERROR;
				CLANG_WARN_QUOTED_INCLUDE_IN_FRAMEWORK_HEADER = YES;
				CLANG_WARN_RANGE_LOOP_ANALYSIS = YES;
				CLANG_WARN_STRICT_PROTOTYPES = YES;
				CLANG_WARN_SUSPICIOUS_MOVE = YES;
				CLANG_WARN_UNGUARDED_AVAILABILITY = YES_AGGRESSIVE;
				CLANG_WARN_UNREACHABLE_CODE = YES;
				CLANG_WARN__DUPLICATE_METHOD_MATCH = YES;
				COPY_PHASE_STRIP = NO;
				DEBUG_INFORMATION_FORMAT = dwarf;
				ENABLE_STRICT_OBJC_MSGSEND = YES;
				ENABLE_TESTABILITY = YES;
				GCC_C_LANGUAGE_STANDARD = gnu11;
				GCC_DYNAMIC_NO_PIC = NO;
				GCC_NO_COMMON_BLOCKS = YES;
				GCC_OPTIMIZATION_LEVEL = 0;
				GCC_PREPROCESSOR_DEFINITIONS = (
					"DEBUG=1",
					"$(inherited)",
				);
				GCC_WARN_64_TO_32_BIT_CONVERSION = YES;
				GCC_WARN_ABOUT_RETURN_TYPE = YES_ERROR;
				GCC_WARN_UNDECLARED_SELECTOR = YES;
				GCC_WARN_UNINITIALIZED_AUTOS = YES_AGGRESSIVE;
				GCC_WARN_UNUSED_FUNCTION = YES;
				GCC_WARN_UNUSED_VARIABLE = YES;
				IPHONEOS_DEPLOYMENT_TARGET = 15.4;
				MTL_ENABLE_DEBUG_INFO = INCLUDE_SOURCE;
				MTL_FAST_MATH = YES;
				ONLY_ACTIVE_ARCH = YES;
				SDKROOT = iphoneos;
				SWIFT_ACTIVE_COMPILATION_CONDITIONS = DEBUG;
				SWIFT_OPTIMIZATION_LEVEL = "-Onone";
			};
			name = Debug;
		};
		F7DBCDC5280403E70081B21A /* Release */ = {
			isa = XCBuildConfiguration;
			buildSettings = {
				ALWAYS_SEARCH_USER_PATHS = NO;
				CLANG_ANALYZER_NONNULL = YES;
				CLANG_ANALYZER_NUMBER_OBJECT_CONVERSION = YES_AGGRESSIVE;
				CLANG_CXX_LANGUAGE_STANDARD = "gnu++17";
				CLANG_ENABLE_MODULES = YES;
				CLANG_ENABLE_OBJC_ARC = YES;
				CLANG_ENABLE_OBJC_WEAK = YES;
				CLANG_WARN_BLOCK_CAPTURE_AUTORELEASING = YES;
				CLANG_WARN_BOOL_CONVERSION = YES;
				CLANG_WARN_COMMA = YES;
				CLANG_WARN_CONSTANT_CONVERSION = YES;
				CLANG_WARN_DEPRECATED_OBJC_IMPLEMENTATIONS = YES;
				CLANG_WARN_DIRECT_OBJC_ISA_USAGE = YES_ERROR;
				CLANG_WARN_DOCUMENTATION_COMMENTS = YES;
				CLANG_WARN_EMPTY_BODY = YES;
				CLANG_WARN_ENUM_CONVERSION = YES;
				CLANG_WARN_INFINITE_RECURSION = YES;
				CLANG_WARN_INT_CONVERSION = YES;
				CLANG_WARN_NON_LITERAL_NULL_CONVERSION = YES;
				CLANG_WARN_OBJC_IMPLICIT_RETAIN_SELF = YES;
				CLANG_WARN_OBJC_LITERAL_CONVERSION = YES;
				CLANG_WARN_OBJC_ROOT_CLASS = YES_ERROR;
				CLANG_WARN_QUOTED_INCLUDE_IN_FRAMEWORK_HEADER = YES;
				CLANG_WARN_RANGE_LOOP_ANALYSIS = YES;
				CLANG_WARN_STRICT_PROTOTYPES = YES;
				CLANG_WARN_SUSPICIOUS_MOVE = YES;
				CLANG_WARN_UNGUARDED_AVAILABILITY = YES_AGGRESSIVE;
				CLANG_WARN_UNREACHABLE_CODE = YES;
				CLANG_WARN__DUPLICATE_METHOD_MATCH = YES;
				COPY_PHASE_STRIP = NO;
				DEBUG_INFORMATION_FORMAT = "dwarf-with-dsym";
				ENABLE_NS_ASSERTIONS = NO;
				ENABLE_STRICT_OBJC_MSGSEND = YES;
				GCC_C_LANGUAGE_STANDARD = gnu11;
				GCC_NO_COMMON_BLOCKS = YES;
				GCC_WARN_64_TO_32_BIT_CONVERSION = YES;
				GCC_WARN_ABOUT_RETURN_TYPE = YES_ERROR;
				GCC_WARN_UNDECLARED_SELECTOR = YES;
				GCC_WARN_UNINITIALIZED_AUTOS = YES_AGGRESSIVE;
				GCC_WARN_UNUSED_FUNCTION = YES;
				GCC_WARN_UNUSED_VARIABLE = YES;
				IPHONEOS_DEPLOYMENT_TARGET = 15.4;
				MTL_ENABLE_DEBUG_INFO = NO;
				MTL_FAST_MATH = YES;
				SDKROOT = iphoneos;
				SWIFT_COMPILATION_MODE = wholemodule;
				SWIFT_OPTIMIZATION_LEVEL = "-O";
				VALIDATE_PRODUCT = YES;
			};
			name = Release;
		};
		F7DBCDC7280403E70081B21A /* Debug */ = {
			isa = XCBuildConfiguration;
			buildSettings = {
				ASSETCATALOG_COMPILER_APPICON_NAME = AppIcon;
				ASSETCATALOG_COMPILER_GLOBAL_ACCENT_COLOR_NAME = AccentColor;
				CODE_SIGN_STYLE = Automatic;
				CURRENT_PROJECT_VERSION = 1;
				GENERATE_INFOPLIST_FILE = YES;
				INFOPLIST_FILE = CleanFood/Info.plist;
				INFOPLIST_KEY_UIApplicationSupportsIndirectInputEvents = YES;
				INFOPLIST_KEY_UILaunchStoryboardName = LaunchScreen;
				INFOPLIST_KEY_UIMainStoryboardFile = Main;
				INFOPLIST_KEY_UISupportedInterfaceOrientations_iPad = "UIInterfaceOrientationPortrait UIInterfaceOrientationPortraitUpsideDown UIInterfaceOrientationLandscapeLeft UIInterfaceOrientationLandscapeRight";
				INFOPLIST_KEY_UISupportedInterfaceOrientations_iPhone = "UIInterfaceOrientationPortrait UIInterfaceOrientationLandscapeLeft UIInterfaceOrientationLandscapeRight";
				LD_RUNPATH_SEARCH_PATHS = (
					"$(inherited)",
					"@executable_path/Frameworks",
				);
				MARKETING_VERSION = 1.0;
				PRODUCT_BUNDLE_IDENTIFIER = com.qabbout.CleanFood;
				PRODUCT_NAME = "$(TARGET_NAME)";
				SWIFT_EMIT_LOC_STRINGS = YES;
				SWIFT_VERSION = 5.0;
				TARGETED_DEVICE_FAMILY = "1,2";
			};
			name = Debug;
		};
		F7DBCDC8280403E70081B21A /* Release */ = {
			isa = XCBuildConfiguration;
			buildSettings = {
				ASSETCATALOG_COMPILER_APPICON_NAME = AppIcon;
				ASSETCATALOG_COMPILER_GLOBAL_ACCENT_COLOR_NAME = AccentColor;
				CODE_SIGN_STYLE = Automatic;
				CURRENT_PROJECT_VERSION = 1;
				GENERATE_INFOPLIST_FILE = YES;
				INFOPLIST_FILE = CleanFood/Info.plist;
				INFOPLIST_KEY_UIApplicationSupportsIndirectInputEvents = YES;
				INFOPLIST_KEY_UILaunchStoryboardName = LaunchScreen;
				INFOPLIST_KEY_UIMainStoryboardFile = Main;
				INFOPLIST_KEY_UISupportedInterfaceOrientations_iPad = "UIInterfaceOrientationPortrait UIInterfaceOrientationPortraitUpsideDown UIInterfaceOrientationLandscapeLeft UIInterfaceOrientationLandscapeRight";
				INFOPLIST_KEY_UISupportedInterfaceOrientations_iPhone = "UIInterfaceOrientationPortrait UIInterfaceOrientationLandscapeLeft UIInterfaceOrientationLandscapeRight";
				LD_RUNPATH_SEARCH_PATHS = (
					"$(inherited)",
					"@executable_path/Frameworks",
				);
				MARKETING_VERSION = 1.0;
				PRODUCT_BUNDLE_IDENTIFIER = com.qabbout.CleanFood;
				PRODUCT_NAME = "$(TARGET_NAME)";
				SWIFT_EMIT_LOC_STRINGS = YES;
				SWIFT_VERSION = 5.0;
				TARGETED_DEVICE_FAMILY = "1,2";
			};
			name = Release;
		};
/* End XCBuildConfiguration section */

/* Begin XCConfigurationList section */
		F7DBCDAD280403E50081B21A /* Build configuration list for PBXProject "CleanFood" */ = {
			isa = XCConfigurationList;
			buildConfigurations = (
				F7DBCDC4280403E70081B21A /* Debug */,
				F7DBCDC5280403E70081B21A /* Release */,
			);
			defaultConfigurationIsVisible = 0;
			defaultConfigurationName = Release;
		};
		F7DBCDC6280403E70081B21A /* Build configuration list for PBXNativeTarget "CleanFood" */ = {
			isa = XCConfigurationList;
			buildConfigurations = (
				F7DBCDC7280403E70081B21A /* Debug */,
				F7DBCDC8280403E70081B21A /* Release */,
			);
			defaultConfigurationIsVisible = 0;
			defaultConfigurationName = Release;
		};
/* End XCConfigurationList section */
	};
	rootObject = F7DBCDAA280403E50081B21A /* Project object */;
}
